
Microsoft Visual Studio Solution File, Format Version 12.00
# Visual Studio Version 17
VisualStudioVersion = 17.11.35327.3
MinimumVisualStudioVersion = 10.0.40219.1
Project("{9A19103F-16F7-4668-BE54-9A1E7A4F7556}") = "AspNet_MVC_Mongo_Sample", "AspNet_MVC_Mongo_Sample.csproj", "{ABBE40EC-A3DB-49EE-A3EE-9833CA74CA9B}"
EndProject
Global
	GlobalSection(SolutionConfigurationPlatforms) = preSolution
		Debug|Any CPU = Debug|Any CPU
		Release|Any CPU = Release|Any CPU
	EndGlobalSection
	GlobalSection(ProjectConfigurationPlatforms) = postSolution
		{ABBE40EC-A3DB-49EE-A3EE-9833CA74CA9B}.Debug|Any CPU.ActiveCfg = Debug|Any CPU
		{ABBE40EC-A3DB-49EE-A3EE-9833CA74CA9B}.Debug|Any CPU.Build.0 = Debug|Any CPU
		{ABBE40EC-A3DB-49EE-A3EE-9833CA74CA9B}.Release|Any CPU.ActiveCfg = Release|Any CPU
		{ABBE40EC-A3DB-49EE-A3EE-9833CA74CA9B}.Release|Any CPU.Build.0 = Release|Any CPU
	EndGlobalSection
	GlobalSection(SolutionProperties) = preSolution
		HideSolutionNode = FALSE
	EndGlobalSection
	GlobalSection(ExtensibilityGlobals) = postSolution
		SolutionGuid = {E435E6F4-20B0-45E2-854C-AB556CA71706}
	EndGlobalSection
EndGlobal
